
Microsoft Visual Studio Solution File, Format Version 12.00
Project("{F2A71F9B-5D33-465A-A702-920D77279786}") = "Faqt", "src\Faqt\Faqt.fsproj", "{023E7F94-6974-4FB5-BC46-C813A4854BD6}"
EndProject
Project("{F2A71F9B-5D33-465A-A702-920D77279786}") = "Faqt.Tests", "src\Faqt.Tests\Faqt.Tests.fsproj", "{E2837610-5A09-40E8-BA61-C35D26F5B9F6}"
EndProject
Project("{2150E333-8FDC-42A3-9474-1A3956D46DE8}") = "Solution Items", "Solution Items", "{5834EE0F-8FAB-4F14-9FBC-F963E33043B3}"
	ProjectSection(SolutionItems) = preProject
		.editorconfig = .editorconfig
		Directory.Build.props = Directory.Build.props
		global.json = global.json
		README.md = README.md
		RELEASE_NOTES.md = RELEASE_NOTES.md
	EndProjectSection
EndProject
Project("{F2A71F9B-5D33-465A-A702-920D77279786}") = "Faqt.GlobalConfigTests", "src\Faqt.GlobalConfigTests\Faqt.GlobalConfigTests.fsproj", "{58827F94-880A-4A1D-B3C2-CF7D1BB3D160}"
EndProject
Project("{2150E333-8FDC-42A3-9474-1A3956D46DE8}") = ".github", ".github", "{C10B7978-6F4B-4D60-93EA-D059201E460E}"
EndProject
Project("{2150E333-8FDC-42A3-9474-1A3956D46DE8}") = "workflows", "workflows", "{720ACDE9-F801-46C4-A9CD-114C791A8CAF}"
	ProjectSection(SolutionItems) = preProject
		.github\workflows\ci.yml = .github\workflows\ci.yml
	EndProjectSection
EndProject
Project("{FAE04EC0-301F-11D3-BF4B-00C04F79EFBC}") = "Faqt.CSharpTests", "src\Faqt.CSharpTests\Faqt.CSharpTests.csproj", "{74A6D1CB-5E57-4034-9A37-CBF792DC6B41}"
EndProject
Global
	GlobalSection(SolutionConfigurationPlatforms) = preSolution
		Debug|Any CPU = Debug|Any CPU
		Release|Any CPU = Release|Any CPU
	EndGlobalSection
	GlobalSection(ProjectConfigurationPlatforms) = postSolution
		{023E7F94-6974-4FB5-BC46-C813A4854BD6}.Debug|Any CPU.ActiveCfg = Debug|Any CPU
		{023E7F94-6974-4FB5-BC46-C813A4854BD6}.Debug|Any CPU.Build.0 = Debug|Any CPU
		{023E7F94-6974-4FB5-BC46-C813A4854BD6}.Release|Any CPU.ActiveCfg = Release|Any CPU
		{023E7F94-6974-4FB5-BC46-C813A4854BD6}.Release|Any CPU.Build.0 = Release|Any CPU
		{E2837610-5A09-40E8-BA61-C35D26F5B9F6}.Debug|Any CPU.ActiveCfg = Debug|Any CPU
		{E2837610-5A09-40E8-BA61-C35D26F5B9F6}.Debug|Any CPU.Build.0 = Debug|Any CPU
		{E2837610-5A09-40E8-BA61-C35D26F5B9F6}.Release|Any CPU.ActiveCfg = Release|Any CPU
		{E2837610-5A09-40E8-BA61-C35D26F5B9F6}.Release|Any CPU.Build.0 = Release|Any CPU
		{58827F94-880A-4A1D-B3C2-CF7D1BB3D160}.Debug|Any CPU.ActiveCfg = Debug|Any CPU
		{58827F94-880A-4A1D-B3C2-CF7D1BB3D160}.Debug|Any CPU.Build.0 = Debug|Any CPU
		{58827F94-880A-4A1D-B3C2-CF7D1BB3D160}.Release|Any CPU.ActiveCfg = Release|Any CPU
		{58827F94-880A-4A1D-B3C2-CF7D1BB3D160}.Release|Any CPU.Build.0 = Release|Any CPU
		{74A6D1CB-5E57-4034-9A37-CBF792DC6B41}.Debug|Any CPU.ActiveCfg = Debug|Any CPU
		{74A6D1CB-5E57-4034-9A37-CBF792DC6B41}.Debug|Any CPU.Build.0 = Debug|Any CPU
		{74A6D1CB-5E57-4034-9A37-CBF792DC6B41}.Release|Any CPU.ActiveCfg = Release|Any CPU
		{74A6D1CB-5E57-4034-9A37-CBF792DC6B41}.Release|Any CPU.Build.0 = Release|Any CPU
	EndGlobalSection
	GlobalSection(NestedProjects) = preSolution
		{C10B7978-6F4B-4D60-93EA-D059201E460E} = {5834EE0F-8FAB-4F14-9FBC-F963E33043B3}
		{720ACDE9-F801-46C4-A9CD-114C791A8CAF} = {C10B7978-6F4B-4D60-93EA-D059201E460E}
	EndGlobalSection
EndGlobal
